{
  "name": "inflection",
  "version": "3.0.0",
  "lockfileVersion": 3,
  "requires": true,
  "packages": {
    "": {
      "name": "inflection",
      "version": "3.0.0",
      "license": "MIT",
      "devDependencies": {
        "typescript": "^5.2.2",
        "vitest": "^0.34.5"
      },
      "engines": {
        "node": ">=18.0.0"
      }
    },
    "node_modules/@esbuild/android-arm": {
      "version": "0.19.8",
      "resolved": "https://registry.npmjs.org/@esbuild/android-arm/-/android-arm-0.19.8.tgz",
      "integrity": "sha512-31E2lxlGM1KEfivQl8Yf5aYU/mflz9g06H6S15ITUFQueMFtFjESRMoDSkvMo8thYvLBax+VKTPlpnx+sPicOA==",
      "cpu": [
        "arm"
      ],
      "dev": true,
      "optional": true,
      "os": [
        "android"
      ],
      "engines": {
        "node": ">=12"
      }
    },
    "node_modules/@esbuild/android-arm64": {
      "version": "0.19.8",
      "resolved": "https://registry.npmjs.org/@esbuild/android-arm64/-/android-arm64-0.19.8.tgz",
      "integrity": "sha512-B8JbS61bEunhfx8kasogFENgQfr/dIp+ggYXwTqdbMAgGDhRa3AaPpQMuQU0rNxDLECj6FhDzk1cF9WHMVwrtA==",
      "cpu": [
        "arm64"
      ],
      "dev": true,
      "optional": true,
      "os": [
        "android"
      ],
      "engines": {
        "node": ">=12"
      }
    },
    "node_modules/@esbuild/android-x64": {
      "version": "0.19.8",
      "resolved": "https://registry.npmjs.org/@esbuild/android-x64/-/android-x64-0.19.8.tgz",
      "integrity": "sha512-rdqqYfRIn4jWOp+lzQttYMa2Xar3OK9Yt2fhOhzFXqg0rVWEfSclJvZq5fZslnz6ypHvVf3CT7qyf0A5pM682A==",
      "cpu": [
        "x64"
      ],
      "dev": true,
      "optional": true,
      "os": [
        "android"
      ],
      "engines": {
        "node": ">=12"
      }
    },
    "node_modules/@esbuild/darwin-arm64": {
      "version": "0.19.8",
      "resolved": "https://registry.npmjs.org/@esbuild/darwin-arm64/-/darwin-arm64-0.19.8.tgz",
      "integrity": "sha512-RQw9DemMbIq35Bprbboyf8SmOr4UXsRVxJ97LgB55VKKeJOOdvsIPy0nFyF2l8U+h4PtBx/1kRf0BelOYCiQcw==",
      "cpu": [
        "arm64"
      ],
      "dev": true,
      "optional": true,
      "os": [
        "darwin"
      ],
      "engines": {
        "node": ">=12"
      }
    },
    "node_modules/@esbuild/darwin-x64": {
      "version": "0.19.8",
      "resolved": "https://registry.npmjs.org/@esbuild/darwin-x64/-/darwin-x64-0.19.8.tgz",
      "integrity": "sha512-3sur80OT9YdeZwIVgERAysAbwncom7b4bCI2XKLjMfPymTud7e/oY4y+ci1XVp5TfQp/bppn7xLw1n/oSQY3/Q==",
      "cpu": [
        "x64"
      ],
      "dev": true,
      "optional": true,
      "os": [
        "darwin"
      ],
      "engines": {
        "node": ">=12"
      }
    },
    "node_modules/@esbuild/freebsd-arm64": {
      "version": "0.19.8",
      "resolved": "https://registry.npmjs.org/@esbuild/freebsd-arm64/-/freebsd-arm64-0.19.8.tgz",
      "integrity": "sha512-WAnPJSDattvS/XtPCTj1tPoTxERjcTpH6HsMr6ujTT+X6rylVe8ggxk8pVxzf5U1wh5sPODpawNicF5ta/9Tmw==",
      "cpu": [
        "arm64"
      ],
      "dev": true,
      "optional": true,
      "os": [
        "freebsd"
      ],
      "engines": {
        "node": ">=12"
      }
    },
    "node_modules/@esbuild/freebsd-x64": {
      "version": "0.19.8",
      "resolved": "https://registry.npmjs.org/@esbuild/freebsd-x64/-/freebsd-x64-0.19.8.tgz",
      "integrity": "sha512-ICvZyOplIjmmhjd6mxi+zxSdpPTKFfyPPQMQTK/w+8eNK6WV01AjIztJALDtwNNfFhfZLux0tZLC+U9nSyA5Zg==",
      "cpu": [
        "x64"
      ],
      "dev": true,
      "optional": true,
      "os": [
        "freebsd"
      ],
      "engines": {
        "node": ">=12"
      }
    },
    "node_modules/@esbuild/linux-arm": {
      "version": "0.19.8",
      "resolved": "https://registry.npmjs.org/@esbuild/linux-arm/-/linux-arm-0.19.8.tgz",
      "integrity": "sha512-H4vmI5PYqSvosPaTJuEppU9oz1dq2A7Mr2vyg5TF9Ga+3+MGgBdGzcyBP7qK9MrwFQZlvNyJrvz6GuCaj3OukQ==",
      "cpu": [
        "arm"
      ],
      "dev": true,
      "optional": true,
      "os": [
        "linux"
      ],
      "engines": {
        "node": ">=12"
      }
    },
    "node_modules/@esbuild/linux-arm64": {
      "version": "0.19.8",
      "resolved": "https://registry.npmjs.org/@esbuild/linux-arm64/-/linux-arm64-0.19.8.tgz",
      "integrity": "sha512-z1zMZivxDLHWnyGOctT9JP70h0beY54xDDDJt4VpTX+iwA77IFsE1vCXWmprajJGa+ZYSqkSbRQ4eyLCpCmiCQ==",
      "cpu": [
        "arm64"
      ],
      "dev": true,
      "optional": true,
      "os": [
        "linux"
      ],
      "engines": {
        "node": ">=12"
      }
    },
    "node_modules/@esbuild/linux-ia32": {
      "version": "0.19.8",
      "resolved": "https://registry.npmjs.org/@esbuild/linux-ia32/-/linux-ia32-0.19.8.tgz",
      "integrity": "sha512-1a8suQiFJmZz1khm/rDglOc8lavtzEMRo0v6WhPgxkrjcU0LkHj+TwBrALwoz/OtMExvsqbbMI0ChyelKabSvQ==",
      "cpu": [
        "ia32"
      ],
      "dev": true,
      "optional": true,
      "os": [
        "linux"
      ],
      "engines": {
        "node": ">=12"
      }
    },
    "node_modules/@esbuild/linux-loong64": {
      "version": "0.19.8",
      "resolved": "https://registry.npmjs.org/@esbuild/linux-loong64/-/linux-loong64-0.19.8.tgz",
      "integrity": "sha512-fHZWS2JJxnXt1uYJsDv9+b60WCc2RlvVAy1F76qOLtXRO+H4mjt3Tr6MJ5l7Q78X8KgCFudnTuiQRBhULUyBKQ==",
      "cpu": [
        "loong64"
      ],
      "dev": true,
      "optional": true,
      "os": [
        "linux"
      ],
      "engines": {
        "node": ">=12"
      }
    },
    "node_modules/@esbuild/linux-mips64el": {
      "version": "0.19.8",
      "resolved": "https://registry.npmjs.org/@esbuild/linux-mips64el/-/linux-mips64el-0.19.8.tgz",
      "integrity": "sha512-Wy/z0EL5qZYLX66dVnEg9riiwls5IYnziwuju2oUiuxVc+/edvqXa04qNtbrs0Ukatg5HEzqT94Zs7J207dN5Q==",
      "cpu": [
        "mips64el"
      ],
      "dev": true,
      "optional": true,
      "os": [
        "linux"
      ],
      "engines": {
        "node": ">=12"
      }
    },
    "node_modules/@esbuild/linux-ppc64": {
      "version": "0.19.8",
      "resolved": "https://registry.npmjs.org/@esbuild/linux-ppc64/-/linux-ppc64-0.19.8.tgz",
      "integrity": "sha512-ETaW6245wK23YIEufhMQ3HSeHO7NgsLx8gygBVldRHKhOlD1oNeNy/P67mIh1zPn2Hr2HLieQrt6tWrVwuqrxg==",
      "cpu": [
        "ppc64"
      ],
      "dev": true,
      "optional": true,
      "os": [
        "linux"
      ],
      "engines": {
        "node": ">=12"
      }
    },
    "node_modules/@esbuild/linux-riscv64": {
      "version": "0.19.8",
      "resolved": "https://registry.npmjs.org/@esbuild/linux-riscv64/-/linux-riscv64-0.19.8.tgz",
      "integrity": "sha512-T2DRQk55SgoleTP+DtPlMrxi/5r9AeFgkhkZ/B0ap99zmxtxdOixOMI570VjdRCs9pE4Wdkz7JYrsPvsl7eESg==",
      "cpu": [
        "riscv64"
      ],
      "dev": true,
      "optional": true,
      "os": [
        "linux"
      ],
      "engines": {
        "node": ">=12"
      }
    },
    "node_modules/@esbuild/linux-s390x": {
      "version": "0.19.8",
      "resolved": "https://registry.npmjs.org/@esbuild/linux-s390x/-/linux-s390x-0.19.8.tgz",
      "integrity": "sha512-NPxbdmmo3Bk7mbNeHmcCd7R7fptJaczPYBaELk6NcXxy7HLNyWwCyDJ/Xx+/YcNH7Im5dHdx9gZ5xIwyliQCbg==",
      "cpu": [
        "s390x"
      ],
      "dev": true,
      "optional": true,
      "os": [
        "linux"
      ],
      "engines": {
        "node": ">=12"
      }
    },
    "node_modules/@esbuild/linux-x64": {
      "version": "0.19.8",
      "resolved": "https://registry.npmjs.org/@esbuild/linux-x64/-/linux-x64-0.19.8.tgz",
      "integrity": "sha512-lytMAVOM3b1gPypL2TRmZ5rnXl7+6IIk8uB3eLsV1JwcizuolblXRrc5ShPrO9ls/b+RTp+E6gbsuLWHWi2zGg==",
      "cpu": [
        "x64"
      ],
      "dev": true,
      "optional": true,
      "os": [
        "linux"
      ],
      "engines": {
        "node": ">=12"
      }
    },
    "node_modules/@esbuild/netbsd-x64": {
      "version": "0.19.8",
      "resolved": "https://registry.npmjs.org/@esbuild/netbsd-x64/-/netbsd-x64-0.19.8.tgz",
      "integrity": "sha512-hvWVo2VsXz/8NVt1UhLzxwAfo5sioj92uo0bCfLibB0xlOmimU/DeAEsQILlBQvkhrGjamP0/el5HU76HAitGw==",
      "cpu": [
        "x64"
      ],
      "dev": true,
      "optional": true,
      "os": [
        "netbsd"
      ],
      "engines": {
        "node": ">=12"
      }
    },
    "node_modules/@esbuild/openbsd-x64": {
      "version": "0.19.8",
      "resolved": "https://registry.npmjs.org/@esbuild/openbsd-x64/-/openbsd-x64-0.19.8.tgz",
      "integrity": "sha512-/7Y7u77rdvmGTxR83PgaSvSBJCC2L3Kb1M/+dmSIvRvQPXXCuC97QAwMugBNG0yGcbEGfFBH7ojPzAOxfGNkwQ==",
      "cpu": [
        "x64"
      ],
      "dev": true,
      "optional": true,
      "os": [
        "openbsd"
      ],
      "engines": {
        "node": ">=12"
      }
    },
    "node_modules/@esbuild/sunos-x64": {
      "version": "0.19.8",
      "resolved": "https://registry.npmjs.org/@esbuild/sunos-x64/-/sunos-x64-0.19.8.tgz",
      "integrity": "sha512-9Lc4s7Oi98GqFA4HzA/W2JHIYfnXbUYgekUP/Sm4BG9sfLjyv6GKKHKKVs83SMicBF2JwAX6A1PuOLMqpD001w==",
      "cpu": [
        "x64"
      ],
      "dev": true,
      "optional": true,
      "os": [
        "sunos"
      ],
      "engines": {
        "node": ">=12"
      }
    },
    "node_modules/@esbuild/win32-arm64": {
      "version": "0.19.8",
      "resolved": "https://registry.npmjs.org/@esbuild/win32-arm64/-/win32-arm64-0.19.8.tgz",
      "integrity": "sha512-rq6WzBGjSzihI9deW3fC2Gqiak68+b7qo5/3kmB6Gvbh/NYPA0sJhrnp7wgV4bNwjqM+R2AApXGxMO7ZoGhIJg==",
      "cpu": [
        "arm64"
      ],
      "dev": true,
      "optional": true,
      "os": [
        "win32"
      ],
      "engines": {
        "node": ">=12"
      }
    },
    "node_modules/@esbuild/win32-ia32": {
      "version": "0.19.8",
      "resolved": "https://registry.npmjs.org/@esbuild/win32-ia32/-/win32-ia32-0.19.8.tgz",
      "integrity": "sha512-AIAbverbg5jMvJznYiGhrd3sumfwWs8572mIJL5NQjJa06P8KfCPWZQ0NwZbPQnbQi9OWSZhFVSUWjjIrn4hSw==",
      "cpu": [
        "ia32"
      ],
      "dev": true,
      "optional": true,
      "os": [
        "win32"
      ],
      "engines": {
        "node": ">=12"
      }
    },
    "node_modules/@esbuild/win32-x64": {
      "version": "0.19.8",
      "resolved": "https://registry.npmjs.org/@esbuild/win32-x64/-/win32-x64-0.19.8.tgz",
      "integrity": "sha512-bfZ0cQ1uZs2PqpulNL5j/3w+GDhP36k1K5c38QdQg+Swy51jFZWWeIkteNsufkQxp986wnqRRsb/bHbY1WQ7TA==",
      "cpu": [
        "x64"
      ],
      "dev": true,
      "optional": true,
      "os": [
        "win32"
      ],
      "engines": {
        "node": ">=12"
      }
    },
    "node_modules/@jest/schemas": {
      "version": "29.6.3",
      "resolved": "https://registry.npmjs.org/@jest/schemas/-/schemas-29.6.3.tgz",
      "integrity": "sha512-mo5j5X+jIZmJQveBKeS/clAueipV7KgiX1vMgCxam1RNYiqE1w62n0/tJJnHtjW8ZHcQco5gY85jA3mi0L+nSA==",
      "dev": true,
      "dependencies": {
        "@sinclair/typebox": "^0.27.8"
      },
      "engines": {
        "node": "^14.15.0 || ^16.10.0 || >=18.0.0"
      }
    },
    "node_modules/@jridgewell/sourcemap-codec": {
      "version": "1.4.15",
      "resolved": "https://registry.npmjs.org/@jridgewell/sourcemap-codec/-/sourcemap-codec-1.4.15.tgz",
      "integrity": "sha512-eF2rxCRulEKXHTRiDrDy6erMYWqNw4LPdQ8UQA4huuxaQsVeRPFl2oM8oDGxMFhJUWZf9McpLtJasDDZb/Bpeg==",
      "dev": true
    },
    "node_modules/@rollup/rollup-android-arm-eabi": {
      "version": "4.6.1",
      "resolved": "https://registry.npmjs.org/@rollup/rollup-android-arm-eabi/-/rollup-android-arm-eabi-4.6.1.tgz",
      "integrity": "sha512-0WQ0ouLejaUCRsL93GD4uft3rOmB8qoQMU05Kb8CmMtMBe7XUDLAltxVZI1q6byNqEtU7N1ZX1Vw5lIpgulLQA==",
      "cpu": [
        "arm"
      ],
      "dev": true,
      "optional": true,
      "os": [
        "android"
      ]
    },
    "node_modules/@rollup/rollup-android-arm64": {
      "version": "4.6.1",
      "resolved": "https://registry.npmjs.org/@rollup/rollup-android-arm64/-/rollup-android-arm64-4.6.1.tgz",
      "integrity": "sha512-1TKm25Rn20vr5aTGGZqo6E4mzPicCUD79k17EgTLAsXc1zysyi4xXKACfUbwyANEPAEIxkzwue6JZ+stYzWUTA==",
      "cpu": [
        "arm64"
      ],
      "dev": true,
      "optional": true,
      "os": [
        "android"
      ]
    },
    "node_modules/@rollup/rollup-darwin-arm64": {
      "version": "4.6.1",
      "resolved": "https://registry.npmjs.org/@rollup/rollup-darwin-arm64/-/rollup-darwin-arm64-4.6.1.tgz",
      "integrity": "sha512-cEXJQY/ZqMACb+nxzDeX9IPLAg7S94xouJJCNVE5BJM8JUEP4HeTF+ti3cmxWeSJo+5D+o8Tc0UAWUkfENdeyw==",
      "cpu": [
        "arm64"
      ],
      "dev": true,
      "optional": true,
      "os": [
        "darwin"
      ]
    },
    "node_modules/@rollup/rollup-darwin-x64": {
      "version": "4.6.1",
      "resolved": "https://registry.npmjs.org/@rollup/rollup-darwin-x64/-/rollup-darwin-x64-4.6.1.tgz",
      "integrity": "sha512-LoSU9Xu56isrkV2jLldcKspJ7sSXmZWkAxg7sW/RfF7GS4F5/v4EiqKSMCFbZtDu2Nc1gxxFdQdKwkKS4rwxNg==",
      "cpu": [
        "x64"
      ],
      "dev": true,
      "optional": true,
      "os": [
        "darwin"
      ]
    },
    "node_modules/@rollup/rollup-linux-arm-gnueabihf": {
      "version": "4.6.1",
      "resolved": "https://registry.npmjs.org/@rollup/rollup-linux-arm-gnueabihf/-/rollup-linux-arm-gnueabihf-4.6.1.tgz",
      "integrity": "sha512-EfI3hzYAy5vFNDqpXsNxXcgRDcFHUWSx5nnRSCKwXuQlI5J9dD84g2Usw81n3FLBNsGCegKGwwTVsSKK9cooSQ==",
      "cpu": [
        "arm"
      ],
      "dev": true,
      "optional": true,
      "os": [
        "linux"
      ]
    },
    "node_modules/@rollup/rollup-linux-arm64-gnu": {
      "version": "4.6.1",
      "resolved": "https://registry.npmjs.org/@rollup/rollup-linux-arm64-gnu/-/rollup-linux-arm64-gnu-4.6.1.tgz",
      "integrity": "sha512-9lhc4UZstsegbNLhH0Zu6TqvDfmhGzuCWtcTFXY10VjLLUe4Mr0Ye2L3rrtHaDd/J5+tFMEuo5LTCSCMXWfUKw==",
      "cpu": [
        "arm64"
      ],
      "dev": true,
      "optional": true,
      "os": [
        "linux"
      ]
    },
    "node_modules/@rollup/rollup-linux-arm64-musl": {
      "version": "4.6.1",
      "resolved": "https://registry.npmjs.org/@rollup/rollup-linux-arm64-musl/-/rollup-linux-arm64-musl-4.6.1.tgz",
      "integrity": "sha512-FfoOK1yP5ksX3wwZ4Zk1NgyGHZyuRhf99j64I5oEmirV8EFT7+OhUZEnP+x17lcP/QHJNWGsoJwrz4PJ9fBEXw==",
      "cpu": [
        "arm64"
      ],
      "dev": true,
      "optional": true,
      "os": [
        "linux"
      ]
    },
    "node_modules/@rollup/rollup-linux-x64-gnu": {
      "version": "4.6.1",
      "resolved": "https://registry.npmjs.org/@rollup/rollup-linux-x64-gnu/-/rollup-linux-x64-gnu-4.6.1.tgz",
      "integrity": "sha512-DNGZvZDO5YF7jN5fX8ZqmGLjZEXIJRdJEdTFMhiyXqyXubBa0WVLDWSNlQ5JR2PNgDbEV1VQowhVRUh+74D+RA==",
      "cpu": [
        "x64"
      ],
      "dev": true,
      "optional": true,
      "os": [
        "linux"
      ]
    },
    "node_modules/@rollup/rollup-linux-x64-musl": {
      "version": "4.6.1",
      "resolved": "https://registry.npmjs.org/@rollup/rollup-linux-x64-musl/-/rollup-linux-x64-musl-4.6.1.tgz",
      "integrity": "sha512-RkJVNVRM+piYy87HrKmhbexCHg3A6Z6MU0W9GHnJwBQNBeyhCJG9KDce4SAMdicQnpURggSvtbGo9xAWOfSvIQ==",
      "cpu": [
        "x64"
      ],
      "dev": true,
      "optional": true,
      "os": [
        "linux"
      ]
    },
    "node_modules/@rollup/rollup-win32-arm64-msvc": {
      "version": "4.6.1",
      "resolved": "https://registry.npmjs.org/@rollup/rollup-win32-arm64-msvc/-/rollup-win32-arm64-msvc-4.6.1.tgz",
      "integrity": "sha512-v2FVT6xfnnmTe3W9bJXl6r5KwJglMK/iRlkKiIFfO6ysKs0rDgz7Cwwf3tjldxQUrHL9INT/1r4VA0n9L/F1vQ==",
      "cpu": [
        "arm64"
      ],
      "dev": true,
      "optional": true,
      "os": [
        "win32"
      ]
    },
    "node_modules/@rollup/rollup-win32-ia32-msvc": {
      "version": "4.6.1",
      "resolved": "https://registry.npmjs.org/@rollup/rollup-win32-ia32-msvc/-/rollup-win32-ia32-msvc-4.6.1.tgz",
      "integrity": "sha512-YEeOjxRyEjqcWphH9dyLbzgkF8wZSKAKUkldRY6dgNR5oKs2LZazqGB41cWJ4Iqqcy9/zqYgmzBkRoVz3Q9MLw==",
      "cpu": [
        "ia32"
      ],
      "dev": true,
      "optional": true,
      "os": [
        "win32"
      ]
    },
    "node_modules/@rollup/rollup-win32-x64-msvc": {
      "version": "4.6.1",
      "resolved": "https://registry.npmjs.org/@rollup/rollup-win32-x64-msvc/-/rollup-win32-x64-msvc-4.6.1.tgz",
      "integrity": "sha512-0zfTlFAIhgz8V2G8STq8toAjsYYA6eci1hnXuyOTUFnymrtJwnS6uGKiv3v5UrPZkBlamLvrLV2iiaeqCKzb0A==",
      "cpu": [
        "x64"
      ],
      "dev": true,
      "optional": true,
      "os": [
        "win32"
      ]
    },
    "node_modules/@sinclair/typebox": {
      "version": "0.27.8",
      "resolved": "https://registry.npmjs.org/@sinclair/typebox/-/typebox-0.27.8.tgz",
      "integrity": "sha512-+Fj43pSMwJs4KRrH/938Uf+uAELIgVBmQzg/q1YG10djyfA3TnrU8N8XzqCh/okZdszqBQTZf96idMfE5lnwTA==",
      "dev": true
    },
    "node_modules/@types/chai": {
      "version": "4.3.6",
      "resolved": "https://registry.npmjs.org/@types/chai/-/chai-4.3.6.tgz",
      "integrity": "sha512-VOVRLM1mBxIRxydiViqPcKn6MIxZytrbMpd6RJLIWKxUNr3zux8no0Oc7kJx0WAPIitgZ0gkrDS+btlqQpubpw==",
      "dev": true
    },
    "node_modules/@types/chai-subset": {
      "version": "1.3.3",
      "resolved": "https://registry.npmjs.org/@types/chai-subset/-/chai-subset-1.3.3.tgz",
      "integrity": "sha512-frBecisrNGz+F4T6bcc+NLeolfiojh5FxW2klu669+8BARtyQv2C/GkNW6FUodVe4BroGMP/wER/YDGc7rEllw==",
      "dev": true,
      "dependencies": {
        "@types/chai": "*"
      }
    },
    "node_modules/@types/node": {
      "version": "20.6.3",
      "resolved": "https://registry.npmjs.org/@types/node/-/node-20.6.3.tgz",
      "integrity": "sha512-HksnYH4Ljr4VQgEy2lTStbCKv/P590tmPe5HqOnv9Gprffgv5WXAY+Y5Gqniu0GGqeTCUdBnzC3QSrzPkBkAMA==",
      "dev": true
    },
    "node_modules/@vitest/expect": {
      "version": "0.34.5",
      "resolved": "https://registry.npmjs.org/@vitest/expect/-/expect-0.34.5.tgz",
      "integrity": "sha512-/3RBIV9XEH+nRpRMqDJBufKIOQaYUH2X6bt0rKSCW0MfKhXFLYsR5ivHifeajRSTsln0FwJbitxLKHSQz/Xwkw==",
      "dev": true,
      "dependencies": {
        "@vitest/spy": "0.34.5",
        "@vitest/utils": "0.34.5",
        "chai": "^4.3.7"
      },
      "funding": {
        "url": "https://opencollective.com/vitest"
      }
    },
    "node_modules/@vitest/runner": {
      "version": "0.34.5",
      "resolved": "https://registry.npmjs.org/@vitest/runner/-/runner-0.34.5.tgz",
      "integrity": "sha512-RDEE3ViVvl7jFSCbnBRyYuu23XxmvRTSZWW6W4M7eC5dOsK75d5LIf6uhE5Fqf809DQ1+9ICZZNxhIolWHU4og==",
      "dev": true,
      "dependencies": {
        "@vitest/utils": "0.34.5",
        "p-limit": "^4.0.0",
        "pathe": "^1.1.1"
      },
      "funding": {
        "url": "https://opencollective.com/vitest"
      }
    },
    "node_modules/@vitest/snapshot": {
      "version": "0.34.5",
      "resolved": "https://registry.npmjs.org/@vitest/snapshot/-/snapshot-0.34.5.tgz",
      "integrity": "sha512-+ikwSbhu6z2yOdtKmk/aeoDZ9QPm2g/ZO5rXT58RR9Vmu/kB2MamyDSx77dctqdZfP3Diqv4mbc/yw2kPT8rmA==",
      "dev": true,
      "dependencies": {
        "magic-string": "^0.30.1",
        "pathe": "^1.1.1",
        "pretty-format": "^29.5.0"
      },
      "funding": {
        "url": "https://opencollective.com/vitest"
      }
    },
    "node_modules/@vitest/spy": {
      "version": "0.34.5",
      "resolved": "https://registry.npmjs.org/@vitest/spy/-/spy-0.34.5.tgz",
      "integrity": "sha512-epsicsfhvBjRjCMOC/3k00mP/TBGQy8/P0DxOFiWyLt55gnZ99dqCfCiAsKO17BWVjn4eZRIjKvcqNmSz8gvmg==",
      "dev": true,
      "dependencies": {
        "tinyspy": "^2.1.1"
      },
      "funding": {
        "url": "https://opencollective.com/vitest"
      }
    },
    "node_modules/@vitest/utils": {
      "version": "0.34.5",
      "resolved": "https://registry.npmjs.org/@vitest/utils/-/utils-0.34.5.tgz",
      "integrity": "sha512-ur6CmmYQoeHMwmGb0v+qwkwN3yopZuZyf4xt1DBBSGBed8Hf9Gmbm/5dEWqgpLPdRx6Av6jcWXrjcKfkTzg/pw==",
      "dev": true,
      "dependencies": {
        "diff-sequences": "^29.4.3",
        "loupe": "^2.3.6",
        "pretty-format": "^29.5.0"
      },
      "funding": {
        "url": "https://opencollective.com/vitest"
      }
    },
    "node_modules/acorn": {
      "version": "8.10.0",
      "resolved": "https://registry.npmjs.org/acorn/-/acorn-8.10.0.tgz",
      "integrity": "sha512-F0SAmZ8iUtS//m8DmCTA0jlh6TDKkHQyK6xc6V4KDTyZKA9dnvX9/3sRTVQrWm79glUAZbnmmNcdYwUIHWVybw==",
      "dev": true,
      "bin": {
        "acorn": "bin/acorn"
      },
      "engines": {
        "node": ">=0.4.0"
      }
    },
    "node_modules/acorn-walk": {
      "version": "8.2.0",
      "resolved": "https://registry.npmjs.org/acorn-walk/-/acorn-walk-8.2.0.tgz",
      "integrity": "sha512-k+iyHEuPgSw6SbuDpGQM+06HQUa04DZ3o+F6CSzXMvvI5KMvnaEqXe+YVe555R9nn6GPt404fos4wcgpw12SDA==",
      "dev": true,
      "engines": {
        "node": ">=0.4.0"
      }
    },
    "node_modules/ansi-styles": {
      "version": "5.2.0",
      "resolved": "https://registry.npmjs.org/ansi-styles/-/ansi-styles-5.2.0.tgz",
      "integrity": "sha512-Cxwpt2SfTzTtXcfOlzGEee8O+c+MmUgGrNiBcXnuWxuFJHe6a5Hz7qwhwe5OgaSYI0IJvkLqWX1ASG+cJOkEiA==",
      "dev": true,
      "engines": {
        "node": ">=10"
      },
      "funding": {
        "url": "https://github.com/chalk/ansi-styles?sponsor=1"
      }
    },
    "node_modules/assertion-error": {
      "version": "1.1.0",
      "resolved": "https://registry.npmjs.org/assertion-error/-/assertion-error-1.1.0.tgz",
      "integrity": "sha512-jgsaNduz+ndvGyFt3uSuWqvy4lCnIJiovtouQN5JZHOKCS2QuhEdbcQHFhVksz2N2U9hXJo8odG7ETyWlEeuDw==",
      "dev": true,
      "engines": {
        "node": "*"
      }
    },
    "node_modules/cac": {
      "version": "6.7.14",
      "resolved": "https://registry.npmjs.org/cac/-/cac-6.7.14.tgz",
      "integrity": "sha512-b6Ilus+c3RrdDk+JhLKUAQfzzgLEPy6wcXqS7f/xe1EETvsDP6GORG7SFuOs6cID5YkqchW/LXZbX5bc8j7ZcQ==",
      "dev": true,
      "engines": {
        "node": ">=8"
      }
    },
    "node_modules/chai": {
      "version": "4.3.8",
      "resolved": "https://registry.npmjs.org/chai/-/chai-4.3.8.tgz",
      "integrity": "sha512-vX4YvVVtxlfSZ2VecZgFUTU5qPCYsobVI2O9FmwEXBhDigYGQA6jRXCycIs1yJnnWbZ6/+a2zNIF5DfVCcJBFQ==",
      "dev": true,
      "dependencies": {
        "assertion-error": "^1.1.0",
        "check-error": "^1.0.2",
        "deep-eql": "^4.1.2",
        "get-func-name": "^2.0.0",
        "loupe": "^2.3.1",
        "pathval": "^1.1.1",
        "type-detect": "^4.0.5"
      },
      "engines": {
        "node": ">=4"
      }
    },
    "node_modules/check-error": {
      "version": "1.0.2",
      "resolved": "https://registry.npmjs.org/check-error/-/check-error-1.0.2.tgz",
      "integrity": "sha512-BrgHpW9NURQgzoNyjfq0Wu6VFO6D7IZEmJNdtgNqpzGG8RuNFHt2jQxWlAs4HMe119chBnv+34syEZtc6IhLtA==",
      "dev": true,
      "engines": {
        "node": "*"
      }
    },
    "node_modules/debug": {
      "version": "4.3.4",
      "resolved": "https://registry.npmjs.org/debug/-/debug-4.3.4.tgz",
      "integrity": "sha512-PRWFHuSU3eDtQJPvnNY7Jcket1j0t5OuOsFzPPzsekD52Zl8qUfFIPEiswXqIvHWGVHOgX+7G/vCNNhehwxfkQ==",
      "dev": true,
      "dependencies": {
        "ms": "2.1.2"
      },
      "engines": {
        "node": ">=6.0"
      },
      "peerDependenciesMeta": {
        "supports-color": {
          "optional": true
        }
      }
    },
    "node_modules/deep-eql": {
      "version": "4.1.3",
      "resolved": "https://registry.npmjs.org/deep-eql/-/deep-eql-4.1.3.tgz",
      "integrity": "sha512-WaEtAOpRA1MQ0eohqZjpGD8zdI0Ovsm8mmFhaDN8dvDZzyoUMcYDnf5Y6iu7HTXxf8JDS23qWa4a+hKCDyOPzw==",
      "dev": true,
      "dependencies": {
        "type-detect": "^4.0.0"
      },
      "engines": {
        "node": ">=6"
      }
    },
    "node_modules/diff-sequences": {
      "version": "29.6.3",
      "resolved": "https://registry.npmjs.org/diff-sequences/-/diff-sequences-29.6.3.tgz",
      "integrity": "sha512-EjePK1srD3P08o2j4f0ExnylqRs5B9tJjcp9t1krH2qRi8CCdsYfwe9JgSLurFBWwq4uOlipzfk5fHNvwFKr8Q==",
      "dev": true,
      "engines": {
        "node": "^14.15.0 || ^16.10.0 || >=18.0.0"
      }
    },
    "node_modules/esbuild": {
      "version": "0.19.8",
      "resolved": "https://registry.npmjs.org/esbuild/-/esbuild-0.19.8.tgz",
      "integrity": "sha512-l7iffQpT2OrZfH2rXIp7/FkmaeZM0vxbxN9KfiCwGYuZqzMg/JdvX26R31Zxn/Pxvsrg3Y9N6XTcnknqDyyv4w==",
      "dev": true,
      "hasInstallScript": true,
      "bin": {
        "esbuild": "bin/esbuild"
      },
      "engines": {
        "node": ">=12"
      },
      "optionalDependencies": {
        "@esbuild/android-arm": "0.19.8",
        "@esbuild/android-arm64": "0.19.8",
        "@esbuild/android-x64": "0.19.8",
        "@esbuild/darwin-arm64": "0.19.8",
        "@esbuild/darwin-x64": "0.19.8",
        "@esbuild/freebsd-arm64": "0.19.8",
        "@esbuild/freebsd-x64": "0.19.8",
        "@esbuild/linux-arm": "0.19.8",
        "@esbuild/linux-arm64": "0.19.8",
        "@esbuild/linux-ia32": "0.19.8",
        "@esbuild/linux-loong64": "0.19.8",
        "@esbuild/linux-mips64el": "0.19.8",
        "@esbuild/linux-ppc64": "0.19.8",
        "@esbuild/linux-riscv64": "0.19.8",
        "@esbuild/linux-s390x": "0.19.8",
        "@esbuild/linux-x64": "0.19.8",
        "@esbuild/netbsd-x64": "0.19.8",
        "@esbuild/openbsd-x64": "0.19.8",
        "@esbuild/sunos-x64": "0.19.8",
        "@esbuild/win32-arm64": "0.19.8",
        "@esbuild/win32-ia32": "0.19.8",
        "@esbuild/win32-x64": "0.19.8"
      }
    },
    "node_modules/fsevents": {
      "version": "2.3.3",
      "resolved": "https://registry.npmjs.org/fsevents/-/fsevents-2.3.3.tgz",
      "integrity": "sha512-5xoDfX+fL7faATnagmWPpbFtwh/R77WmMMqqHGS65C3vvB0YHrgF+B1YmZ3441tMj5n63k0212XNoJwzlhffQw==",
      "dev": true,
      "hasInstallScript": true,
      "optional": true,
      "os": [
        "darwin"
      ],
      "engines": {
        "node": "^8.16.0 || ^10.6.0 || >=11.0.0"
      }
    },
    "node_modules/get-func-name": {
      "version": "2.0.0",
      "resolved": "https://registry.npmjs.org/get-func-name/-/get-func-name-2.0.0.tgz",
      "integrity": "sha512-Hm0ixYtaSZ/V7C8FJrtZIuBBI+iSgL+1Aq82zSu8VQNB4S3Gk8e7Qs3VwBDJAhmRZcFqkl3tQu36g/Foh5I5ig==",
      "dev": true,
      "engines": {
        "node": "*"
      }
    },
    "node_modules/jsonc-parser": {
      "version": "3.2.0",
      "resolved": "https://registry.npmjs.org/jsonc-parser/-/jsonc-parser-3.2.0.tgz",
      "integrity": "sha512-gfFQZrcTc8CnKXp6Y4/CBT3fTc0OVuDofpre4aEeEpSBPV5X5v4+Vmx+8snU7RLPrNHPKSgLxGo9YuQzz20o+w==",
      "dev": true
    },
    "node_modules/local-pkg": {
      "version": "0.4.3",
      "resolved": "https://registry.npmjs.org/local-pkg/-/local-pkg-0.4.3.tgz",
      "integrity": "sha512-SFppqq5p42fe2qcZQqqEOiVRXl+WCP1MdT6k7BDEW1j++sp5fIY+/fdRQitvKgB5BrBcmrs5m/L0v2FrU5MY1g==",
      "dev": true,
      "engines": {
        "node": ">=14"
      },
      "funding": {
        "url": "https://github.com/sponsors/antfu"
      }
    },
    "node_modules/loupe": {
      "version": "2.3.6",
      "resolved": "https://registry.npmjs.org/loupe/-/loupe-2.3.6.tgz",
      "integrity": "sha512-RaPMZKiMy8/JruncMU5Bt6na1eftNoo++R4Y+N2FrxkDVTrGvcyzFTsaGif4QTeKESheMGegbhw6iUAq+5A8zA==",
      "dev": true,
      "dependencies": {
        "get-func-name": "^2.0.0"
      }
    },
    "node_modules/magic-string": {
      "version": "0.30.3",
      "resolved": "https://registry.npmjs.org/magic-string/-/magic-string-0.30.3.tgz",
      "integrity": "sha512-B7xGbll2fG/VjP+SWg4sX3JynwIU0mjoTc6MPpKNuIvftk6u6vqhDnk1R80b8C2GBR6ywqy+1DcKBrevBg+bmw==",
      "dev": true,
      "dependencies": {
        "@jridgewell/sourcemap-codec": "^1.4.15"
      },
      "engines": {
        "node": ">=12"
      }
    },
    "node_modules/mlly": {
      "version": "1.4.2",
      "resolved": "https://registry.npmjs.org/mlly/-/mlly-1.4.2.tgz",
      "integrity": "sha512-i/Ykufi2t1EZ6NaPLdfnZk2AX8cs0d+mTzVKuPfqPKPatxLApaBoxJQ9x1/uckXtrS/U5oisPMDkNs0yQTaBRg==",
      "dev": true,
      "dependencies": {
        "acorn": "^8.10.0",
        "pathe": "^1.1.1",
        "pkg-types": "^1.0.3",
        "ufo": "^1.3.0"
      }
    },
    "node_modules/ms": {
      "version": "2.1.2",
      "resolved": "https://registry.npmjs.org/ms/-/ms-2.1.2.tgz",
      "integrity": "sha512-sGkPx+VjMtmA6MX27oA4FBFELFCZZ4S4XqeGOXCv68tT+jb3vk/RyaKWP0PTKyWtmLSM0b+adUTEvbs1PEaH2w==",
      "dev": true
    },
    "node_modules/nanoid": {
      "version": "3.3.7",
      "resolved": "https://registry.npmjs.org/nanoid/-/nanoid-3.3.7.tgz",
      "integrity": "sha512-eSRppjcPIatRIMC1U6UngP8XFcz8MQWGQdt1MTBQ7NaAmvXDfvNxbvWV3x2y6CdEUciCSsDHDQZbhYaB8QEo2g==",
      "dev": true,
      "funding": [
        {
          "type": "github",
          "url": "https://github.com/sponsors/ai"
        }
      ],
      "bin": {
        "nanoid": "bin/nanoid.cjs"
      },
      "engines": {
        "node": "^10 || ^12 || ^13.7 || ^14 || >=15.0.1"
      }
    },
    "node_modules/p-limit": {
      "version": "4.0.0",
      "resolved": "https://registry.npmjs.org/p-limit/-/p-limit-4.0.0.tgz",
      "integrity": "sha512-5b0R4txpzjPWVw/cXXUResoD4hb6U/x9BH08L7nw+GN1sezDzPdxeRvpc9c433fZhBan/wusjbCsqwqm4EIBIQ==",
      "dev": true,
      "dependencies": {
        "yocto-queue": "^1.0.0"
      },
      "engines": {
        "node": "^12.20.0 || ^14.13.1 || >=16.0.0"
      },
      "funding": {
        "url": "https://github.com/sponsors/sindresorhus"
      }
    },
    "node_modules/pathe": {
      "version": "1.1.1",
      "resolved": "https://registry.npmjs.org/pathe/-/pathe-1.1.1.tgz",
      "integrity": "sha512-d+RQGp0MAYTIaDBIMmOfMwz3E+LOZnxx1HZd5R18mmCZY0QBlK0LDZfPc8FW8Ed2DlvsuE6PRjroDY+wg4+j/Q==",
      "dev": true
    },
    "node_modules/pathval": {
      "version": "1.1.1",
      "resolved": "https://registry.npmjs.org/pathval/-/pathval-1.1.1.tgz",
      "integrity": "sha512-Dp6zGqpTdETdR63lehJYPeIOqpiNBNtc7BpWSLrOje7UaIsE5aY92r/AunQA7rsXvet3lrJ3JnZX29UPTKXyKQ==",
      "dev": true,
      "engines": {
        "node": "*"
      }
    },
    "node_modules/picocolors": {
      "version": "1.0.0",
      "resolved": "https://registry.npmjs.org/picocolors/-/picocolors-1.0.0.tgz",
      "integrity": "sha512-1fygroTLlHu66zi26VoTDv8yRgm0Fccecssto+MhsZ0D/DGW2sm8E8AjW7NU5VVTRt5GxbeZ5qBuJr+HyLYkjQ==",
      "dev": true
    },
    "node_modules/pkg-types": {
      "version": "1.0.3",
      "resolved": "https://registry.npmjs.org/pkg-types/-/pkg-types-1.0.3.tgz",
      "integrity": "sha512-nN7pYi0AQqJnoLPC9eHFQ8AcyaixBUOwvqc5TDnIKCMEE6I0y8P7OKA7fPexsXGCGxQDl/cmrLAp26LhcwxZ4A==",
      "dev": true,
      "dependencies": {
        "jsonc-parser": "^3.2.0",
        "mlly": "^1.2.0",
        "pathe": "^1.1.0"
      }
    },
    "node_modules/postcss": {
      "version": "8.4.32",
      "resolved": "https://registry.npmjs.org/postcss/-/postcss-8.4.32.tgz",
      "integrity": "sha512-D/kj5JNu6oo2EIy+XL/26JEDTlIbB8hw85G8StOE6L74RQAVVP5rej6wxCNqyMbR4RkPfqvezVbPw81Ngd6Kcw==",
      "dev": true,
      "funding": [
        {
          "type": "opencollective",
          "url": "https://opencollective.com/postcss/"
        },
        {
          "type": "tidelift",
          "url": "https://tidelift.com/funding/github/npm/postcss"
        },
        {
          "type": "github",
          "url": "https://github.com/sponsors/ai"
        }
      ],
      "dependencies": {
        "nanoid": "^3.3.7",
        "picocolors": "^1.0.0",
        "source-map-js": "^1.0.2"
      },
      "engines": {
        "node": "^10 || ^12 || >=14"
      }
    },
    "node_modules/pretty-format": {
      "version": "29.7.0",
      "resolved": "https://registry.npmjs.org/pretty-format/-/pretty-format-29.7.0.tgz",
      "integrity": "sha512-Pdlw/oPxN+aXdmM9R00JVC9WVFoCLTKJvDVLgmJ+qAffBMxsV85l/Lu7sNx4zSzPyoL2euImuEwHhOXdEgNFZQ==",
      "dev": true,
      "dependencies": {
        "@jest/schemas": "^29.6.3",
        "ansi-styles": "^5.0.0",
        "react-is": "^18.0.0"
      },
      "engines": {
        "node": "^14.15.0 || ^16.10.0 || >=18.0.0"
      }
    },
    "node_modules/react-is": {
      "version": "18.2.0",
      "resolved": "https://registry.npmjs.org/react-is/-/react-is-18.2.0.tgz",
      "integrity": "sha512-xWGDIW6x921xtzPkhiULtthJHoJvBbF3q26fzloPCK0hsvxtPVelvftw3zjbHWSkR2km9Z+4uxbDDK/6Zw9B8w==",
      "dev": true
    },
    "node_modules/rollup": {
      "version": "4.6.1",
      "resolved": "https://registry.npmjs.org/rollup/-/rollup-4.6.1.tgz",
      "integrity": "sha512-jZHaZotEHQaHLgKr8JnQiDT1rmatjgKlMekyksz+yk9jt/8z9quNjnKNRoaM0wd9DC2QKXjmWWuDYtM3jfF8pQ==",
      "dev": true,
      "bin": {
        "rollup": "dist/bin/rollup"
      },
      "engines": {
        "node": ">=18.0.0",
        "npm": ">=8.0.0"
      },
      "optionalDependencies": {
        "@rollup/rollup-android-arm-eabi": "4.6.1",
        "@rollup/rollup-android-arm64": "4.6.1",
        "@rollup/rollup-darwin-arm64": "4.6.1",
        "@rollup/rollup-darwin-x64": "4.6.1",
        "@rollup/rollup-linux-arm-gnueabihf": "4.6.1",
        "@rollup/rollup-linux-arm64-gnu": "4.6.1",
        "@rollup/rollup-linux-arm64-musl": "4.6.1",
        "@rollup/rollup-linux-x64-gnu": "4.6.1",
        "@rollup/rollup-linux-x64-musl": "4.6.1",
        "@rollup/rollup-win32-arm64-msvc": "4.6.1",
        "@rollup/rollup-win32-ia32-msvc": "4.6.1",
        "@rollup/rollup-win32-x64-msvc": "4.6.1",
        "fsevents": "~2.3.2"
      }
    },
    "node_modules/siginfo": {
      "version": "2.0.0",
      "resolved": "https://registry.npmjs.org/siginfo/-/siginfo-2.0.0.tgz",
      "integrity": "sha512-ybx0WO1/8bSBLEWXZvEd7gMW3Sn3JFlW3TvX1nREbDLRNQNaeNN8WK0meBwPdAaOI7TtRRRJn/Es1zhrrCHu7g==",
      "dev": true
    },
    "node_modules/source-map-js": {
      "version": "1.0.2",
      "resolved": "https://registry.npmjs.org/source-map-js/-/source-map-js-1.0.2.tgz",
      "integrity": "sha512-R0XvVJ9WusLiqTCEiGCmICCMplcCkIwwR11mOSD9CR5u+IXYdiseeEuXCVAjS54zqwkLcPNnmU4OeJ6tUrWhDw==",
      "dev": true,
      "engines": {
        "node": ">=0.10.0"
      }
    },
    "node_modules/stackback": {
      "version": "0.0.2",
      "resolved": "https://registry.npmjs.org/stackback/-/stackback-0.0.2.tgz",
      "integrity": "sha512-1XMJE5fQo1jGH6Y/7ebnwPOBEkIEnT4QF32d5R1+VXdXveM0IBMJt8zfaxX1P3QhVwrYe+576+jkANtSS2mBbw==",
      "dev": true
    },
    "node_modules/std-env": {
      "version": "3.4.3",
      "resolved": "https://registry.npmjs.org/std-env/-/std-env-3.4.3.tgz",
      "integrity": "sha512-f9aPhy8fYBuMN+sNfakZV18U39PbalgjXG3lLB9WkaYTxijru61wb57V9wxxNthXM5Sd88ETBWi29qLAsHO52Q==",
      "dev": true
    },
    "node_modules/strip-literal": {
      "version": "1.3.0",
      "resolved": "https://registry.npmjs.org/strip-literal/-/strip-literal-1.3.0.tgz",
      "integrity": "sha512-PugKzOsyXpArk0yWmUwqOZecSO0GH0bPoctLcqNDH9J04pVW3lflYE0ujElBGTloevcxF5MofAOZ7C5l2b+wLg==",
      "dev": true,
      "dependencies": {
        "acorn": "^8.10.0"
      },
      "funding": {
        "url": "https://github.com/sponsors/antfu"
      }
    },
    "node_modules/tinybench": {
      "version": "2.5.1",
      "resolved": "https://registry.npmjs.org/tinybench/-/tinybench-2.5.1.tgz",
      "integrity": "sha512-65NKvSuAVDP/n4CqH+a9w2kTlLReS9vhsAP06MWx+/89nMinJyB2icyl58RIcqCmIggpojIGeuJGhjU1aGMBSg==",
      "dev": true
    },
    "node_modules/tinypool": {
      "version": "0.7.0",
      "resolved": "https://registry.npmjs.org/tinypool/-/tinypool-0.7.0.tgz",
      "integrity": "sha512-zSYNUlYSMhJ6Zdou4cJwo/p7w5nmAH17GRfU/ui3ctvjXFErXXkruT4MWW6poDeXgCaIBlGLrfU6TbTXxyGMww==",
      "dev": true,
      "engines": {
        "node": ">=14.0.0"
      }
    },
    "node_modules/tinyspy": {
      "version": "2.1.1",
      "resolved": "https://registry.npmjs.org/tinyspy/-/tinyspy-2.1.1.tgz",
      "integrity": "sha512-XPJL2uSzcOyBMky6OFrusqWlzfFrXtE0hPuMgW8A2HmaqrPo4ZQHRN/V0QXN3FSjKxpsbRrFc5LI7KOwBsT1/w==",
      "dev": true,
      "engines": {
        "node": ">=14.0.0"
      }
    },
    "node_modules/type-detect": {
      "version": "4.0.8",
      "resolved": "https://registry.npmjs.org/type-detect/-/type-detect-4.0.8.tgz",
      "integrity": "sha512-0fr/mIH1dlO+x7TlcMy+bIDqKPsw/70tVyeHW787goQjhmqaZe10uwLujubK9q9Lg6Fiho1KUKDYz0Z7k7g5/g==",
      "dev": true,
      "engines": {
        "node": ">=4"
      }
    },
    "node_modules/typescript": {
      "version": "5.2.2",
      "resolved": "https://registry.npmjs.org/typescript/-/typescript-5.2.2.tgz",
      "integrity": "sha512-mI4WrpHsbCIcwT9cF4FZvr80QUeKvsUsUvKDoR+X/7XHQH98xYD8YHZg7ANtz2GtZt/CBq2QJ0thkGJMHfqc1w==",
      "dev": true,
      "bin": {
        "tsc": "bin/tsc",
        "tsserver": "bin/tsserver"
      },
      "engines": {
        "node": ">=14.17"
      }
    },
    "node_modules/ufo": {
      "version": "1.3.0",
      "resolved": "https://registry.npmjs.org/ufo/-/ufo-1.3.0.tgz",
      "integrity": "sha512-bRn3CsoojyNStCZe0BG0Mt4Nr/4KF+rhFlnNXybgqt5pXHNFRlqinSoQaTrGyzE4X8aHplSb+TorH+COin9Yxw==",
      "dev": true
    },
    "node_modules/vite": {
      "version": "5.0.5",
      "resolved": "https://registry.npmjs.org/vite/-/vite-5.0.5.tgz",
      "integrity": "sha512-OekeWqR9Ls56f3zd4CaxzbbS11gqYkEiBtnWFFgYR2WV8oPJRRKq0mpskYy/XaoCL3L7VINDhqqOMNDiYdGvGg==",
      "dev": true,
      "dependencies": {
        "esbuild": "^0.19.3",
        "postcss": "^8.4.32",
        "rollup": "^4.2.0"
      },
      "bin": {
        "vite": "bin/vite.js"
      },
      "engines": {
        "node": "^18.0.0 || >=20.0.0"
      },
      "funding": {
        "url": "https://github.com/vitejs/vite?sponsor=1"
      },
      "optionalDependencies": {
        "fsevents": "~2.3.3"
      },
      "peerDependencies": {
        "@types/node": "^18.0.0 || >=20.0.0",
        "less": "*",
        "lightningcss": "^1.21.0",
        "sass": "*",
        "stylus": "*",
        "sugarss": "*",
        "terser": "^5.4.0"
      },
      "peerDependenciesMeta": {
        "@types/node": {
          "optional": true
        },
        "less": {
          "optional": true
        },
        "lightningcss": {
          "optional": true
        },
        "sass": {
          "optional": true
        },
        "stylus": {
          "optional": true
        },
        "sugarss": {
          "optional": true
        },
        "terser": {
          "optional": true
        }
      }
    },
    "node_modules/vite-node": {
      "version": "0.34.5",
      "resolved": "https://registry.npmjs.org/vite-node/-/vite-node-0.34.5.tgz",
      "integrity": "sha512-RNZ+DwbCvDoI5CbCSQSyRyzDTfFvFauvMs6Yq4ObJROKlIKuat1KgSX/Ako5rlDMfVCyMcpMRMTkJBxd6z8YRA==",
      "dev": true,
      "dependencies": {
        "cac": "^6.7.14",
        "debug": "^4.3.4",
        "mlly": "^1.4.0",
        "pathe": "^1.1.1",
        "picocolors": "^1.0.0",
        "vite": "^3.0.0 || ^4.0.0 || ^5.0.0-0"
      },
      "bin": {
        "vite-node": "vite-node.mjs"
      },
      "engines": {
        "node": ">=v14.18.0"
      },
      "funding": {
        "url": "https://opencollective.com/vitest"
      }
    },
    "node_modules/vitest": {
      "version": "0.34.5",
      "resolved": "https://registry.npmjs.org/vitest/-/vitest-0.34.5.tgz",
      "integrity": "sha512-CPI68mmnr2DThSB3frSuE5RLm9wo5wU4fbDrDwWQQB1CWgq9jQVoQwnQSzYAjdoBOPoH2UtXpOgHVge/uScfZg==",
      "dev": true,
      "dependencies": {
        "@types/chai": "^4.3.5",
        "@types/chai-subset": "^1.3.3",
        "@types/node": "*",
        "@vitest/expect": "0.34.5",
        "@vitest/runner": "0.34.5",
        "@vitest/snapshot": "0.34.5",
        "@vitest/spy": "0.34.5",
        "@vitest/utils": "0.34.5",
        "acorn": "^8.9.0",
        "acorn-walk": "^8.2.0",
        "cac": "^6.7.14",
        "chai": "^4.3.7",
        "debug": "^4.3.4",
        "local-pkg": "^0.4.3",
        "magic-string": "^0.30.1",
        "pathe": "^1.1.1",
        "picocolors": "^1.0.0",
        "std-env": "^3.3.3",
        "strip-literal": "^1.0.1",
        "tinybench": "^2.5.0",
        "tinypool": "^0.7.0",
        "vite": "^3.1.0 || ^4.0.0 || ^5.0.0-0",
        "vite-node": "0.34.5",
        "why-is-node-running": "^2.2.2"
      },
      "bin": {
        "vitest": "vitest.mjs"
      },
      "engines": {
        "node": ">=v14.18.0"
      },
      "funding": {
        "url": "https://opencollective.com/vitest"
      },
      "peerDependencies": {
        "@edge-runtime/vm": "*",
        "@vitest/browser": "*",
        "@vitest/ui": "*",
        "happy-dom": "*",
        "jsdom": "*",
        "playwright": "*",
        "safaridriver": "*",
        "webdriverio": "*"
      },
      "peerDependenciesMeta": {
        "@edge-runtime/vm": {
          "optional": true
        },
        "@vitest/browser": {
          "optional": true
        },
        "@vitest/ui": {
          "optional": true
        },
        "happy-dom": {
          "optional": true
        },
        "jsdom": {
          "optional": true
        },
        "playwright": {
          "optional": true
        },
        "safaridriver": {
          "optional": true
        },
        "webdriverio": {
          "optional": true
        }
      }
    },
    "node_modules/why-is-node-running": {
      "version": "2.2.2",
      "resolved": "https://registry.npmjs.org/why-is-node-running/-/why-is-node-running-2.2.2.tgz",
      "integrity": "sha512-6tSwToZxTOcotxHeA+qGCq1mVzKR3CwcJGmVcY+QE8SHy6TnpFnh8PAvPNHYr7EcuVeG0QSMxtYCuO1ta/G/oA==",
      "dev": true,
      "dependencies": {
        "siginfo": "^2.0.0",
        "stackback": "0.0.2"
      },
      "bin": {
        "why-is-node-running": "cli.js"
      },
      "engines": {
        "node": ">=8"
      }
    },
    "node_modules/yocto-queue": {
      "version": "1.0.0",
      "resolved": "https://registry.npmjs.org/yocto-queue/-/yocto-queue-1.0.0.tgz",
      "integrity": "sha512-9bnSc/HEW2uRy67wc+T8UwauLuPJVn28jb+GtJY16iiKWyvmYJRXVT4UamsAEGQfPohgr2q4Tq0sQbQlxTfi1g==",
      "dev": true,
      "engines": {
        "node": ">=12.20"
      },
      "funding": {
        "url": "https://github.com/sponsors/sindresorhus"
      }
    }
  }
}
